// !$*UTF8*$!
{
	archiveVersion = 1;
	classes = {
	};
	objectVersion = 50;
	objects = {

/* Begin PBXBuildFile section */
		112BE7F321C6FE3400888818 /* AppDelegate.swift in Sources */ = {isa = PBXBuildFile; fileRef = 112BE7F221C6FE3400888818 /* AppDelegate.swift */; };
		112BE7F521C6FE3400888818 /* ViewController.swift in Sources */ = {isa = PBXBuildFile; fileRef = 112BE7F421C6FE3400888818 /* ViewController.swift */; };
		112BE7F821C6FE3400888818 /* Main.storyboard in Resources */ = {isa = PBXBuildFile; fileRef = 112BE7F621C6FE3400888818 /* Main.storyboard */; };
		112BE7FA21C6FE3600888818 /* Assets.xcassets in Resources */ = {isa = PBXBuildFile; fileRef = 112BE7F921C6FE3600888818 /* Assets.xcassets */; };
		112BE7FD21C6FE3600888818 /* LaunchScreen.storyboard in Resources */ = {isa = PBXBuildFile; fileRef = 112BE7FB21C6FE3600888818 /* LaunchScreen.storyboard */; };
		112BE80821C6FE3600888818 /* PerfectEarTests.swift in Sources */ = {isa = PBXBuildFile; fileRef = 112BE80721C6FE3600888818 /* PerfectEarTests.swift */; };
		1F0D35258851D82880E10201 /* Pods_PerfectEar.framework in Frameworks */ = {isa = PBXBuildFile; fileRef = 3696E625DF0CB6BFCAD7E8CF /* Pods_PerfectEar.framework */; };
		579B1A222049E27D0CE13024 /* Pods_PerfectEarTests.framework in Frameworks */ = {isa = PBXBuildFile; fileRef = 3396234510719DA2E5137F65 /* Pods_PerfectEarTests.framework */; };
/* End PBXBuildFile section */

/* Begin PBXContainerItemProxy section */
		112BE80421C6FE3600888818 /* PBXContainerItemProxy */ = {
			isa = PBXContainerItemProxy;
			containerPortal = 112BE7E721C6FE3400888818 /* Project object */;
			proxyType = 1;
			remoteGlobalIDString = 112BE7EE21C6FE3400888818;
			remoteInfo = PerfectEar;
		};
/* End PBXContainerItemProxy section */

/* Begin PBXFileReference section */
		055FFE0FB5A77E3E4F1A2C3C /* Pods-PerfectEar.release.xcconfig */ = {isa = PBXFileReference; includeInIndex = 1; lastKnownFileType = text.xcconfig; name = "Pods-PerfectEar.release.xcconfig"; path = "Pods/Target Support Files/Pods-PerfectEar/Pods-PerfectEar.release.xcconfig"; sourceTree = "<group>"; };
		112BE7EF21C6FE3400888818 /* PerfectEar.app */ = {isa = PBXFileReference; explicitFileType = wrapper.application; includeInIndex = 0; path = PerfectEar.app; sourceTree = BUILT_PRODUCTS_DIR; };
		112BE7F221C6FE3400888818 /* AppDelegate.swift */ = {isa = PBXFileReference; lastKnownFileType = sourcecode.swift; path = AppDelegate.swift; sourceTree = "<group>"; };
		112BE7F421C6FE3400888818 /* ViewController.swift */ = {isa = PBXFileReference; lastKnownFileType = sourcecode.swift; path = ViewController.swift; sourceTree = "<group>"; };
		112BE7F721C6FE3400888818 /* Base */ = {isa = PBXFileReference; lastKnownFileType = file.storyboard; name = Base; path = Base.lproj/Main.storyboard; sourceTree = "<group>"; };
		112BE7F921C6FE3600888818 /* Assets.xcassets */ = {isa = PBXFileReference; lastKnownFileType = folder.assetcatalog; path = Assets.xcassets; sourceTree = "<group>"; };
		112BE7FC21C6FE3600888818 /* Base */ = {isa = PBXFileReference; lastKnownFileType = file.storyboard; name = Base; path = Base.lproj/LaunchScreen.storyboard; sourceTree = "<group>"; };
		112BE7FE21C6FE3600888818 /* Info.plist */ = {isa = PBXFileReference; lastKnownFileType = text.plist.xml; path = Info.plist; sourceTree = "<group>"; };
		112BE80321C6FE3600888818 /* PerfectEarTests.xctest */ = {isa = PBXFileReference; explicitFileType = wrapper.cfbundle; includeInIndex = 0; path = PerfectEarTests.xctest; sourceTree = BUILT_PRODUCTS_DIR; };
		112BE80721C6FE3600888818 /* PerfectEarTests.swift */ = {isa = PBXFileReference; lastKnownFileType = sourcecode.swift; path = PerfectEarTests.swift; sourceTree = "<group>"; };
		112BE80921C6FE3600888818 /* Info.plist */ = {isa = PBXFileReference; lastKnownFileType = text.plist.xml; path = Info.plist; sourceTree = "<group>"; };
		3396234510719DA2E5137F65 /* Pods_PerfectEarTests.framework */ = {isa = PBXFileReference; explicitFileType = wrapper.framework; includeInIndex = 0; path = Pods_PerfectEarTests.framework; sourceTree = BUILT_PRODUCTS_DIR; };
		3696E625DF0CB6BFCAD7E8CF /* Pods_PerfectEar.framework */ = {isa = PBXFileReference; explicitFileType = wrapper.framework; includeInIndex = 0; path = Pods_PerfectEar.framework; sourceTree = BUILT_PRODUCTS_DIR; };
		5FE8F5B6FB8E10616FAAE453 /* Pods-PerfectEarTests.debug.xcconfig */ = {isa = PBXFileReference; includeInIndex = 1; lastKnownFileType = text.xcconfig; name = "Pods-PerfectEarTests.debug.xcconfig"; path = "Pods/Target Support Files/Pods-PerfectEarTests/Pods-PerfectEarTests.debug.xcconfig"; sourceTree = "<group>"; };
		814926CEEF4814444E65CEF9 /* Pods-PerfectEarTests.release.xcconfig */ = {isa = PBXFileReference; includeInIndex = 1; lastKnownFileType = text.xcconfig; name = "Pods-PerfectEarTests.release.xcconfig"; path = "Pods/Target Support Files/Pods-PerfectEarTests/Pods-PerfectEarTests.release.xcconfig"; sourceTree = "<group>"; };
		C8550A5E1312C32AC4E6D8CB /* Pods-PerfectEar.debug.xcconfig */ = {isa = PBXFileReference; includeInIndex = 1; lastKnownFileType = text.xcconfig; name = "Pods-PerfectEar.debug.xcconfig"; path = "Pods/Target Support Files/Pods-PerfectEar/Pods-PerfectEar.debug.xcconfig"; sourceTree = "<group>"; };
/* End PBXFileReference section */

/* Begin PBXFrameworksBuildPhase section */
		112BE7EC21C6FE3400888818 /* Frameworks */ = {
			isa = PBXFrameworksBuildPhase;
			buildActionMask = 2147483647;
			files = (
				1F0D35258851D82880E10201 /* Pods_PerfectEar.framework in Frameworks */,
			);
			runOnlyForDeploymentPostprocessing = 0;
		};
		112BE80021C6FE3600888818 /* Frameworks */ = {
			isa = PBXFrameworksBuildPhase;
			buildActionMask = 2147483647;
			files = (
				579B1A222049E27D0CE13024 /* Pods_PerfectEarTests.framework in Frameworks */,
			);
			runOnlyForDeploymentPostprocessing = 0;
		};
/* End PBXFrameworksBuildPhase section */

/* Begin PBXGroup section */
		112BE7E621C6FE3400888818 = {
			isa = PBXGroup;
			children = (
				112BE7F121C6FE3400888818 /* PerfectEar */,
				112BE80621C6FE3600888818 /* PerfectEarTests */,
				112BE7F021C6FE3400888818 /* Products */,
				4D43761E039673929A2847BD /* Pods */,
				3756960B44AA660094327E46 /* Frameworks */,
			);
			sourceTree = "<group>";
		};
		112BE7F021C6FE3400888818 /* Products */ = {
			isa = PBXGroup;
			children = (
				112BE7EF21C6FE3400888818 /* PerfectEar.app */,
				112BE80321C6FE3600888818 /* PerfectEarTests.xctest */,
			);
			name = Products;
			sourceTree = "<group>";
		};
		112BE7F121C6FE3400888818 /* PerfectEar */ = {
			isa = PBXGroup;
			children = (
				112BE7F221C6FE3400888818 /* AppDelegate.swift */,
				112BE7F421C6FE3400888818 /* ViewController.swift */,
				112BE7F621C6FE3400888818 /* Main.storyboard */,
				112BE7F921C6FE3600888818 /* Assets.xcassets */,
				112BE7FB21C6FE3600888818 /* LaunchScreen.storyboard */,
				112BE7FE21C6FE3600888818 /* Info.plist */,
			);
			path = PerfectEar;
			sourceTree = "<group>";
		};
		112BE80621C6FE3600888818 /* PerfectEarTests */ = {
			isa = PBXGroup;
			children = (
				112BE80721C6FE3600888818 /* PerfectEarTests.swift */,
				112BE80921C6FE3600888818 /* Info.plist */,
			);
			path = PerfectEarTests;
			sourceTree = "<group>";
		};
		3756960B44AA660094327E46 /* Frameworks */ = {
			isa = PBXGroup;
			children = (
				3696E625DF0CB6BFCAD7E8CF /* Pods_PerfectEar.framework */,
				3396234510719DA2E5137F65 /* Pods_PerfectEarTests.framework */,
			);
			name = Frameworks;
			sourceTree = "<group>";
		};
		4D43761E039673929A2847BD /* Pods */ = {
			isa = PBXGroup;
			children = (
				C8550A5E1312C32AC4E6D8CB /* Pods-PerfectEar.debug.xcconfig */,
				055FFE0FB5A77E3E4F1A2C3C /* Pods-PerfectEar.release.xcconfig */,
				5FE8F5B6FB8E10616FAAE453 /* Pods-PerfectEarTests.debug.xcconfig */,
				814926CEEF4814444E65CEF9 /* Pods-PerfectEarTests.release.xcconfig */,
			);
			name = Pods;
			sourceTree = "<group>";
		};
/* End PBXGroup section */

/* Begin PBXNativeTarget section */
		112BE7EE21C6FE3400888818 /* PerfectEar */ = {
			isa = PBXNativeTarget;
			buildConfigurationList = 112BE80C21C6FE3600888818 /* Build configuration list for PBXNativeTarget "PerfectEar" */;
			buildPhases = (
				A5ABDD16AF80B94F80DDB4F0 /* [CP] Check Pods Manifest.lock */,
				112BE7EB21C6FE3400888818 /* Sources */,
				112BE7EC21C6FE3400888818 /* Frameworks */,
				112BE7ED21C6FE3400888818 /* Resources */,
				11C16F4F21CC199E00396931 /* ShellScript */,
			);
			buildRules = (
			);
			dependencies = (
			);
			name = PerfectEar;
			productName = PerfectEar;
			productReference = 112BE7EF21C6FE3400888818 /* PerfectEar.app */;
			productType = "com.apple.product-type.application";
		};
		112BE80221C6FE3600888818 /* PerfectEarTests */ = {
			isa = PBXNativeTarget;
			buildConfigurationList = 112BE80F21C6FE3600888818 /* Build configuration list for PBXNativeTarget "PerfectEarTests" */;
			buildPhases = (
				E8140D255A4E4C89E1F6CA8E /* [CP] Check Pods Manifest.lock */,
				112BE7FF21C6FE3600888818 /* Sources */,
				112BE80021C6FE3600888818 /* Frameworks */,
				112BE80121C6FE3600888818 /* Resources */,
			);
			buildRules = (
			);
			dependencies = (
				112BE80521C6FE3600888818 /* PBXTargetDependency */,
			);
			name = PerfectEarTests;
			productName = PerfectEarTests;
			productReference = 112BE80321C6FE3600888818 /* PerfectEarTests.xctest */;
			productType = "com.apple.product-type.bundle.unit-test";
		};
/* End PBXNativeTarget section */

/* Begin PBXProject section */
		112BE7E721C6FE3400888818 /* Project object */ = {
			isa = PBXProject;
			attributes = {
				LastSwiftUpdateCheck = 1010;
				LastUpgradeCheck = 1010;
				ORGANIZATIONNAME = "Rostyslav Druzhchenko";
				TargetAttributes = {
					112BE7EE21C6FE3400888818 = {
						CreatedOnToolsVersion = 10.1;
					};
					112BE80221C6FE3600888818 = {
						CreatedOnToolsVersion = 10.1;
						TestTargetID = 112BE7EE21C6FE3400888818;
					};
				};
			};
			buildConfigurationList = 112BE7EA21C6FE3400888818 /* Build configuration list for PBXProject "PerfectEar" */;
			compatibilityVersion = "Xcode 9.3";
			developmentRegion = en;
			hasScannedForEncodings = 0;
			knownRegions = (
				en,
				Base,
			);
			mainGroup = 112BE7E621C6FE3400888818;
			productRefGroup = 112BE7F021C6FE3400888818 /* Products */;
			projectDirPath = "";
			projectRoot = "";
			targets = (
				112BE7EE21C6FE3400888818 /* PerfectEar */,
				112BE80221C6FE3600888818 /* PerfectEarTests */,
			);
		};
/* End PBXProject section */

/* Begin PBXResourcesBuildPhase section */
		112BE7ED21C6FE3400888818 /* Resources */ = {
			isa = PBXResourcesBuildPhase;
			buildActionMask = 2147483647;
			files = (
				112BE7FD21C6FE3600888818 /* LaunchScreen.storyboard in Resources */,
				112BE7FA21C6FE3600888818 /* Assets.xcassets in Resources */,
				112BE7F821C6FE3400888818 /* Main.storyboard in Resources */,
			);
			runOnlyForDeploymentPostprocessing = 0;
		};
		112BE80121C6FE3600888818 /* Resources */ = {
			isa = PBXResourcesBuildPhase;
			buildActionMask = 2147483647;
			files = (
			);
			runOnlyForDeploymentPostprocessing = 0;
		};
/* End PBXResourcesBuildPhase section */

/* Begin PBXShellScriptBuildPhase section */
		11C16F4F21CC199E00396931 /* ShellScript */ = {
			isa = PBXShellScriptBuildPhase;
			buildActionMask = 2147483647;
			files = (
			);
			inputFileListPaths = (
			);
			inputPaths = (
			);
			outputFileListPaths = (
			);
			outputPaths = (
			);
			runOnlyForDeploymentPostprocessing = 0;
			shellPath = /bin/sh;
			shellScript = "\"${PODS_ROOT}/Fabric/run\" a5486dc6d70348e670d72808fa6fcb4415d69e12 cf63a97bddd7b81091501c6169ab5501c940a8824e7e74d269e0675436737e0e\n";
		};
		A5ABDD16AF80B94F80DDB4F0 /* [CP] Check Pods Manifest.lock */ = {
			isa = PBXShellScriptBuildPhase;
			buildActionMask = 2147483647;
			files = (
			);
			inputFileListPaths = (
			);
			inputPaths = (
				"${PODS_PODFILE_DIR_PATH}/Podfile.lock",
				"${PODS_ROOT}/Manifest.lock",
			);
			name = "[CP] Check Pods Manifest.lock";
			outputFileListPaths = (
			);
			outputPaths = (
				"$(DERIVED_FILE_DIR)/Pods-PerfectEar-checkManifestLockResult.txt",
			);
			runOnlyForDeploymentPostprocessing = 0;
			shellPath = /bin/sh;
			shellScript = "diff \"${PODS_PODFILE_DIR_PATH}/Podfile.lock\" \"${PODS_ROOT}/Manifest.lock\" > /dev/null\nif [ $? != 0 ] ; then\n    # print error to STDERR\n    echo \"error: The sandbox is not in sync with the Podfile.lock. Run 'pod install' or update your CocoaPods installation.\" >&2\n    exit 1\nfi\n# This output is used by Xcode 'outputs' to avoid re-running this script phase.\necho \"SUCCESS\" > \"${SCRIPT_OUTPUT_FILE_0}\"\n";
			showEnvVarsInLog = 0;
		};
		E8140D255A4E4C89E1F6CA8E /* [CP] Check Pods Manifest.lock */ = {
			isa = PBXShellScriptBuildPhase;
			buildActionMask = 2147483647;
			files = (
			);
			inputFileListPaths = (
			);
			inputPaths = (
				"${PODS_PODFILE_DIR_PATH}/Podfile.lock",
				"${PODS_ROOT}/Manifest.lock",
			);
			name = "[CP] Check Pods Manifest.lock";
			outputFileListPaths = (
			);
			outputPaths = (
				"$(DERIVED_FILE_DIR)/Pods-PerfectEarTests-checkManifestLockResult.txt",
			);
			runOnlyForDeploymentPostprocessing = 0;
			shellPath = /bin/sh;
			shellScript = "diff \"${PODS_PODFILE_DIR_PATH}/Podfile.lock\" \"${PODS_ROOT}/Manifest.lock\" > /dev/null\nif [ $? != 0 ] ; then\n    # print error to STDERR\n    echo \"error: The sandbox is not in sync with the Podfile.lock. Run 'pod install' or update your CocoaPods installation.\" >&2\n    exit 1\nfi\n# This output is used by Xcode 'outputs' to avoid re-running this script phase.\necho \"SUCCESS\" > \"${SCRIPT_OUTPUT_FILE_0}\"\n";
			showEnvVarsInLog = 0;
		};
/* End PBXShellScriptBuildPhase section */

/* Begin PBXSourcesBuildPhase section */
		112BE7EB21C6FE3400888818 /* Sources */ = {
			isa = PBXSourcesBuildPhase;
			buildActionMask = 2147483647;
			files = (
				112BE7F521C6FE3400888818 /* ViewController.swift in Sources */,
				112BE7F321C6FE3400888818 /* AppDelegate.swift in Sources */,
			);
			runOnlyForDeploymentPostprocessing = 0;
		};
		112BE7FF21C6FE3600888818 /* Sources */ = {
			isa = PBXSourcesBuildPhase;
			buildActionMask = 2147483647;
			files = (
				112BE80821C6FE3600888818 /* PerfectEarTests.swift in Sources */,
			);
			runOnlyForDeploymentPostprocessing = 0;
		};
/* End PBXSourcesBuildPhase section */

/* Begin PBXTargetDependency section */
		112BE80521C6FE3600888818 /* PBXTargetDependency */ = {
			isa = PBXTargetDependency;
			target = 112BE7EE21C6FE3400888818 /* PerfectEar */;
			targetProxy = 112BE80421C6FE3600888818 /* PBXContainerItemProxy */;
		};
/* End PBXTargetDependency section */

/* Begin PBXVariantGroup section */
		112BE7F621C6FE3400888818 /* Main.storyboard */ = {
			isa = PBXVariantGroup;
			children = (
				112BE7F721C6FE3400888818 /* Base */,
			);
			name = Main.storyboard;
			sourceTree = "<group>";
		};
		112BE7FB21C6FE3600888818 /* LaunchScreen.storyboard */ = {
			isa = PBXVariantGroup;
			children = (
				112BE7FC21C6FE3600888818 /* Base */,
			);
			name = LaunchScreen.storyboard;
			sourceTree = "<group>";
		};
/* End PBXVariantGroup section */

/* Begin XCBuildConfiguration section */
		112BE80A21C6FE3600888818 /* Debug */ = {
			isa = XCBuildConfiguration;
			buildSettings = {
				ALWAYS_SEARCH_USER_PATHS = NO;
				CLANG_ANALYZER_NONNULL = YES;
				CLANG_ANALYZER_NUMBER_OBJECT_CONVERSION = YES_AGGRESSIVE;
				CLANG_CXX_LANGUAGE_STANDARD = "gnu++14";
				CLANG_CXX_LIBRARY = "libc++";
				CLANG_ENABLE_MODULES = YES;
				CLANG_ENABLE_OBJC_ARC = YES;
				CLANG_ENABLE_OBJC_WEAK = YES;
				CLANG_WARN_BLOCK_CAPTURE_AUTORELEASING = YES;
				CLANG_WARN_BOOL_CONVERSION = YES;
				CLANG_WARN_COMMA = YES;
				CLANG_WARN_CONSTANT_CONVERSION = YES;
				CLANG_WARN_DEPRECATED_OBJC_IMPLEMENTATIONS = YES;
				CLANG_WARN_DIRECT_OBJC_ISA_USAGE = YES_ERROR;
				CLANG_WARN_DOCUMENTATION_COMMENTS = YES;
				CLANG_WARN_EMPTY_BODY = YES;
				CLANG_WARN_ENUM_CONVERSION = YES;
				CLANG_WARN_INFINITE_RECURSION = YES;
				CLANG_WARN_INT_CONVERSION = YES;
				CLANG_WARN_NON_LITERAL_NULL_CONVERSION = YES;
				CLANG_WARN_OBJC_IMPLICIT_RETAIN_SELF = YES;
				CLANG_WARN_OBJC_LITERAL_CONVERSION = YES;
				CLANG_WARN_OBJC_ROOT_CLASS = YES_ERROR;
				CLANG_WARN_RANGE_LOOP_ANALYSIS = YES;
				CLANG_WARN_STRICT_PROTOTYPES = YES;
				CLANG_WARN_SUSPICIOUS_MOVE = YES;
				CLANG_WARN_UNGUARDED_AVAILABILITY = YES_AGGRESSIVE;
				CLANG_WARN_UNREACHABLE_CODE = YES;
				CLANG_WARN__DUPLICATE_METHOD_MATCH = YES;
				CODE_SIGN_IDENTITY = "iPhone Developer";
				COPY_PHASE_STRIP = NO;
				DEBUG_INFORMATION_FORMAT = "dwarf-with-dsym";
				ENABLE_STRICT_OBJC_MSGSEND = YES;
				ENABLE_TESTABILITY = YES;
				GCC_C_LANGUAGE_STANDARD = gnu11;
				GCC_DYNAMIC_NO_PIC = NO;
				GCC_NO_COMMON_BLOCKS = YES;
				GCC_OPTIMIZATION_LEVEL = 0;
				GCC_PREPROCESSOR_DEFINITIONS = (
					"DEBUG=1",
					"$(inherited)",
				);
				GCC_WARN_64_TO_32_BIT_CONVERSION = YES;
				GCC_WARN_ABOUT_RETURN_TYPE = YES_ERROR;
				GCC_WARN_UNDECLARED_SELECTOR = YES;
				GCC_WARN_UNINITIALIZED_AUTOS = YES_AGGRESSIVE;
				GCC_WARN_UNUSED_FUNCTION = YES;
				GCC_WARN_UNUSED_VARIABLE = YES;
				IPHONEOS_DEPLOYMENT_TARGET = 12.1;
				MTL_ENABLE_DEBUG_INFO = INCLUDE_SOURCE;
				MTL_FAST_MATH = YES;
				ONLY_ACTIVE_ARCH = YES;
				SDKROOT = iphoneos;
				SWIFT_ACTIVE_COMPILATION_CONDITIONS = DEBUG;
				SWIFT_OPTIMIZATION_LEVEL = "-Onone";
			};
			name = Debug;
		};
		112BE80B21C6FE3600888818 /* Release */ = {
			isa = XCBuildConfiguration;
			buildSettings = {
				ALWAYS_SEARCH_USER_PATHS = NO;
				CLANG_ANALYZER_NONNULL = YES;
				CLANG_ANALYZER_NUMBER_OBJECT_CONVERSION = YES_AGGRESSIVE;
				CLANG_CXX_LANGUAGE_STANDARD = "gnu++14";
				CLANG_CXX_LIBRARY = "libc++";
				CLANG_ENABLE_MODULES = YES;
				CLANG_ENABLE_OBJC_ARC = YES;
				CLANG_ENABLE_OBJC_WEAK = YES;
				CLANG_WARN_BLOCK_CAPTURE_AUTORELEASING = YES;
				CLANG_WARN_BOOL_CONVERSION = YES;
				CLANG_WARN_COMMA = YES;
				CLANG_WARN_CONSTANT_CONVERSION = YES;
				CLANG_WARN_DEPRECATED_OBJC_IMPLEMENTATIONS = YES;
				CLANG_WARN_DIRECT_OBJC_ISA_USAGE = YES_ERROR;
				CLANG_WARN_DOCUMENTATION_COMMENTS = YES;
				CLANG_WARN_EMPTY_BODY = YES;
				CLANG_WARN_ENUM_CONVERSION = YES;
				CLANG_WARN_INFINITE_RECURSION = YES;
				CLANG_WARN_INT_CONVERSION = YES;
				CLANG_WARN_NON_LITERAL_NULL_CONVERSION = YES;
				CLANG_WARN_OBJC_IMPLICIT_RETAIN_SELF = YES;
				CLANG_WARN_OBJC_LITERAL_CONVERSION = YES;
				CLANG_WARN_OBJC_ROOT_CLASS = YES_ERROR;
				CLANG_WARN_RANGE_LOOP_ANALYSIS = YES;
				CLANG_WARN_STRICT_PROTOTYPES = YES;
				CLANG_WARN_SUSPICIOUS_MOVE = YES;
				CLANG_WARN_UNGUARDED_AVAILABILITY = YES_AGGRESSIVE;
				CLANG_WARN_UNREACHABLE_CODE = YES;
				CLANG_WARN__DUPLICATE_METHOD_MATCH = YES;
				CODE_SIGN_IDENTITY = "iPhone Developer";
				COPY_PHASE_STRIP = NO;
				DEBUG_INFORMATION_FORMAT = "dwarf-with-dsym";
				ENABLE_NS_ASSERTIONS = NO;
				ENABLE_STRICT_OBJC_MSGSEND = YES;
				GCC_C_LANGUAGE_STANDARD = gnu11;
				GCC_NO_COMMON_BLOCKS = YES;
				GCC_WARN_64_TO_32_BIT_CONVERSION = YES;
				GCC_WARN_ABOUT_RETURN_TYPE = YES_ERROR;
				GCC_WARN_UNDECLARED_SELECTOR = YES;
				GCC_WARN_UNINITIALIZED_AUTOS = YES_AGGRESSIVE;
				GCC_WARN_UNUSED_FUNCTION = YES;
				GCC_WARN_UNUSED_VARIABLE = YES;
				IPHONEOS_DEPLOYMENT_TARGET = 12.1;
				MTL_ENABLE_DEBUG_INFO = NO;
				MTL_FAST_MATH = YES;
				SDKROOT = iphoneos;
				SWIFT_COMPILATION_MODE = wholemodule;
				SWIFT_OPTIMIZATION_LEVEL = "-O";
				VALIDATE_PRODUCT = YES;
			};
			name = Release;
		};
		112BE80D21C6FE3600888818 /* Debug */ = {
			isa = XCBuildConfiguration;
			baseConfigurationReference = C8550A5E1312C32AC4E6D8CB /* Pods-PerfectEar.debug.xcconfig */;
			buildSettings = {
				ASSETCATALOG_COMPILER_APPICON_NAME = AppIcon;
				CODE_SIGN_STYLE = Manual;
				DEVELOPMENT_TEAM = G5247P4Q94;
				INFOPLIST_FILE = PerfectEar/Info.plist;
				LD_RUNPATH_SEARCH_PATHS = (
					"$(inherited)",
					"@executable_path/Frameworks",
				);
				PRODUCT_BUNDLE_IDENTIFIER = tech.soundlab.PerfectEar;
				PRODUCT_NAME = "$(TARGET_NAME)";
				PROVISIONING_PROFILE_SPECIFIER = PerfectEarDev;
				SWIFT_VERSION = 4.2;
				TARGETED_DEVICE_FAMILY = "1,2";
			};
			name = Debug;
		};
		112BE80E21C6FE3600888818 /* Release */ = {
			isa = XCBuildConfiguration;
			baseConfigurationReference = 055FFE0FB5A77E3E4F1A2C3C /* Pods-PerfectEar.release.xcconfig */;
			buildSettings = {
				ASSETCATALOG_COMPILER_APPICON_NAME = AppIcon;
				CODE_SIGN_STYLE = Manual;
				DEVELOPMENT_TEAM = G5247P4Q94;
				INFOPLIST_FILE = PerfectEar/Info.plist;
				LD_RUNPATH_SEARCH_PATHS = (
					"$(inherited)",
					"@executable_path/Frameworks",
				);
				PRODUCT_BUNDLE_IDENTIFIER = tech.soundlab.PerfectEar;
				PRODUCT_NAME = "$(TARGET_NAME)";
				PROVISIONING_PROFILE_SPECIFIER = PerfectEarDev;
				SWIFT_VERSION = 4.2;
				TARGETED_DEVICE_FAMILY = "1,2";
			};
			name = Release;
		};
		112BE81021C6FE3600888818 /* Debug */ = {
			isa = XCBuildConfiguration;
			baseConfigurationReference = 5FE8F5B6FB8E10616FAAE453 /* Pods-PerfectEarTests.debug.xcconfig */;
			buildSettings = {
				ALWAYS_EMBED_SWIFT_STANDARD_LIBRARIES = YES;
				BUNDLE_LOADER = "$(TEST_HOST)";
				CODE_SIGN_STYLE = Automatic;
				INFOPLIST_FILE = PerfectEarTests/Info.plist;
				LD_RUNPATH_SEARCH_PATHS = (
					"$(inherited)",
					"@executable_path/Frameworks",
					"@loader_path/Frameworks",
				);
				PRODUCT_BUNDLE_IDENTIFIER = tech.soundlab.PerfectEarTests;
				PRODUCT_NAME = "$(TARGET_NAME)";
				SWIFT_VERSION = 4.2;
				TARGETED_DEVICE_FAMILY = "1,2";
				TEST_HOST = "$(BUILT_PRODUCTS_DIR)/PerfectEar.app/PerfectEar";
			};
			name = Debug;
		};
		112BE81121C6FE3600888818 /* Release */ = {
			isa = XCBuildConfiguration;
			baseConfigurationReference = 814926CEEF4814444E65CEF9 /* Pods-PerfectEarTests.release.xcconfig */;
			buildSettings = {
				ALWAYS_EMBED_SWIFT_STANDARD_LIBRARIES = YES;
				BUNDLE_LOADER = "$(TEST_HOST)";
				CODE_SIGN_STYLE = Automatic;
				INFOPLIST_FILE = PerfectEarTests/Info.plist;
				LD_RUNPATH_SEARCH_PATHS = (
					"$(inherited)",
					"@executable_path/Frameworks",
					"@loader_path/Frameworks",
				);
				PRODUCT_BUNDLE_IDENTIFIER = tech.soundlab.PerfectEarTests;
				PRODUCT_NAME = "$(TARGET_NAME)";
				SWIFT_VERSION = 4.2;
				TARGETED_DEVICE_FAMILY = "1,2";
				TEST_HOST = "$(BUILT_PRODUCTS_DIR)/PerfectEar.app/PerfectEar";
			};
			name = Release;
		};
/* End XCBuildConfiguration section */

/* Begin XCConfigurationList section */
		112BE7EA21C6FE3400888818 /* Build configuration list for PBXProject "PerfectEar" */ = {
			isa = XCConfigurationList;
			buildConfigurations = (
				112BE80A21C6FE3600888818 /* Debug */,
				112BE80B21C6FE3600888818 /* Release */,
			);
			defaultConfigurationIsVisible = 0;
			defaultConfigurationName = Release;
		};
		112BE80C21C6FE3600888818 /* Build configuration list for PBXNativeTarget "PerfectEar" */ = {
			isa = XCConfigurationList;
			buildConfigurations = (
				112BE80D21C6FE3600888818 /* Debug */,
				112BE80E21C6FE3600888818 /* Release */,
			);
			defaultConfigurationIsVisible = 0;
			defaultConfigurationName = Release;
		};
		112BE80F21C6FE3600888818 /* Build configuration list for PBXNativeTarget "PerfectEarTests" */ = {
			isa = XCConfigurationList;
			buildConfigurations = (
				112BE81021C6FE3600888818 /* Debug */,
				112BE81121C6FE3600888818 /* Release */,
			);
			defaultConfigurationIsVisible = 0;
			defaultConfigurationName = Release;
		};
/* End XCConfigurationList section */
	};
	rootObject = 112BE7E721C6FE3400888818 /* Project object */;
}
